
Microsoft Visual Studio Solution File, Format Version 12.00
# Visual Studio 2013
VisualStudioVersion = 12.0.21005.1
MinimumVisualStudioVersion = 10.0.40219.1
Project("{FAE04EC0-301F-11D3-BF4B-00C04F79EFBC}") = "Interface", "Interface\Interface.csproj", "{4D7DB126-F8E1-4567-AAAB-A2E5C82E6651}"
EndProject
Project("{FAE04EC0-301F-11D3-BF4B-00C04F79EFBC}") = "Abstract", "Abstract\Abstract.csproj", "{E53842AD-E1DF-4D9B-BBF5-C1CD7419B458}"
EndProject
Global
	GlobalSection(SolutionConfigurationPlatforms) = preSolution
		Debug|Any CPU = Debug|Any CPU
		Release|Any CPU = Release|Any CPU
	EndGlobalSection
	GlobalSection(ProjectConfigurationPlatforms) = postSolution
		{4D7DB126-F8E1-4567-AAAB-A2E5C82E6651}.Debug|Any CPU.ActiveCfg = Debug|Any CPU
		{4D7DB126-F8E1-4567-AAAB-A2E5C82E6651}.Debug|Any CPU.Build.0 = Debug|Any CPU
		{4D7DB126-F8E1-4567-AAAB-A2E5C82E6651}.Release|Any CPU.ActiveCfg = Release|Any CPU
		{4D7DB126-F8E1-4567-AAAB-A2E5C82E6651}.Release|Any CPU.Build.0 = Release|Any CPU
		{E53842AD-E1DF-4D9B-BBF5-C1CD7419B458}.Debug|Any CPU.ActiveCfg = Debug|Any CPU
		{E53842AD-E1DF-4D9B-BBF5-C1CD7419B458}.Debug|Any CPU.Build.0 = Debug|Any CPU
		{E53842AD-E1DF-4D9B-BBF5-C1CD7419B458}.Release|Any CPU.ActiveCfg = Release|Any CPU
		{E53842AD-E1DF-4D9B-BBF5-C1CD7419B458}.Release|Any CPU.Build.0 = Release|Any CPU
	EndGlobalSection
	GlobalSection(SolutionProperties) = preSolution
		HideSolutionNode = FALSE
	EndGlobalSection
EndGlobal
